
Microsoft Visual Studio Solution File, Format Version 12.00
# Visual Studio 15
VisualStudioVersion = 15.0.28307.329
MinimumVisualStudioVersion = 10.0.40219.1
Project("{FAE04EC0-301F-11D3-BF4B-00C04F79EFBC}") = "ScannerDataCollect", "ScannerDataCollect\ScannerDataCollect.csproj", "{1A53D440-A1FB-4B84-83DC-F5D8418E9A99}"
EndProject
Project("{FAE04EC0-301F-11D3-BF4B-00C04F79EFBC}") = "ScannerDataCollectServices", "ScannerDataCollectServices\ScannerDataCollectServices.csproj", "{337A8FCF-2B74-4EA8-B1AE-594F438CDDB4}"
EndProject
Project("{FAE04EC0-301F-11D3-BF4B-00C04F79EFBC}") = "ScannerDataWindowsService", "ScannerDataWindowsService\ScannerDataWindowsService.csproj", "{2EB7D2D6-9B99-43F2-A5E5-401793017792}"
EndProject
Global
	GlobalSection(SolutionConfigurationPlatforms) = preSolution
		Debug|Any CPU = Debug|Any CPU
		Release|Any CPU = Release|Any CPU
	EndGlobalSection
	GlobalSection(ProjectConfigurationPlatforms) = postSolution
		{1A53D440-A1FB-4B84-83DC-F5D8418E9A99}.Debug|Any CPU.ActiveCfg = Debug|Any CPU
		{1A53D440-A1FB-4B84-83DC-F5D8418E9A99}.Debug|Any CPU.Build.0 = Debug|Any CPU
		{1A53D440-A1FB-4B84-83DC-F5D8418E9A99}.Release|Any CPU.ActiveCfg = Release|Any CPU
		{1A53D440-A1FB-4B84-83DC-F5D8418E9A99}.Release|Any CPU.Build.0 = Release|Any CPU
		{337A8FCF-2B74-4EA8-B1AE-594F438CDDB4}.Debug|Any CPU.ActiveCfg = Debug|Any CPU
		{337A8FCF-2B74-4EA8-B1AE-594F438CDDB4}.Debug|Any CPU.Build.0 = Debug|Any CPU
		{337A8FCF-2B74-4EA8-B1AE-594F438CDDB4}.Release|Any CPU.ActiveCfg = Release|Any CPU
		{337A8FCF-2B74-4EA8-B1AE-594F438CDDB4}.Release|Any CPU.Build.0 = Release|Any CPU
		{2EB7D2D6-9B99-43F2-A5E5-401793017792}.Debug|Any CPU.ActiveCfg = Debug|Any CPU
		{2EB7D2D6-9B99-43F2-A5E5-401793017792}.Debug|Any CPU.Build.0 = Debug|Any CPU
		{2EB7D2D6-9B99-43F2-A5E5-401793017792}.Release|Any CPU.ActiveCfg = Release|Any CPU
		{2EB7D2D6-9B99-43F2-A5E5-401793017792}.Release|Any CPU.Build.0 = Release|Any CPU
	EndGlobalSection
	GlobalSection(SolutionProperties) = preSolution
		HideSolutionNode = FALSE
	EndGlobalSection
	GlobalSection(ExtensibilityGlobals) = postSolution
		SolutionGuid = {A8116F7B-6C79-4C2E-A70E-9EA7BD7A0457}
	EndGlobalSection
EndGlobal
